
Microsoft Visual Studio Solution File, Format Version 12.00
# Visual Studio 14
VisualStudioVersion = 14.0.23107.0
MinimumVisualStudioVersion = 10.0.40219.1
Project("{8BC9CEB8-8B4A-11D0-8D11-00A0C91BC942}") = "renderer", "renderer.vcxproj", "{0F594BC0-1BE7-4A64-BE8B-993C49620880}"
EndProject
Global
	GlobalSection(SolutionConfigurationPlatforms) = preSolution
		Debug|x64 = Debug|x64
		Release|x64 = Release|x64
	EndGlobalSection
	GlobalSection(ProjectConfigurationPlatforms) = postSolution
		{0F594BC0-1BE7-4A64-BE8B-993C49620880}.Debug|x64.ActiveCfg = Debug|x64
		{0F594BC0-1BE7-4A64-BE8B-993C49620880}.Debug|x64.Build.0 = Debug|x64
		{0F594BC0-1BE7-4A64-BE8B-993C49620880}.Release|x64.ActiveCfg = Release|x64
		{0F594BC0-1BE7-4A64-BE8B-993C49620880}.Release|x64.Build.0 = Release|x64
	EndGlobalSection
	GlobalSection(SolutionProperties) = preSolution
		HideSolutionNode = FALSE
	EndGlobalSection
EndGlobal
